
Microsoft Visual Studio Solution File, Format Version 12.00
# Visual Studio 15
VisualStudioVersion = 15.0.27703.2042
MinimumVisualStudioVersion = 10.0.40219.1
Project("{9A19103F-16F7-4668-BE54-9A1E7A4F7556}") = "P8.Console", "P8.Console\P8.Console.csproj", "{8A87654B-3C4F-47A0-B6A3-9E856B71F57B}"
EndProject
Global
	GlobalSection(SolutionConfigurationPlatforms) = preSolution
		Debug|Any CPU = Debug|Any CPU
		Release|Any CPU = Release|Any CPU
	EndGlobalSection
	GlobalSection(ProjectConfigurationPlatforms) = postSolution
		{8A87654B-3C4F-47A0-B6A3-9E856B71F57B}.Debug|Any CPU.ActiveCfg = Debug|Any CPU
		{8A87654B-3C4F-47A0-B6A3-9E856B71F57B}.Debug|Any CPU.Build.0 = Debug|Any CPU
		{8A87654B-3C4F-47A0-B6A3-9E856B71F57B}.Release|Any CPU.ActiveCfg = Release|Any CPU
		{8A87654B-3C4F-47A0-B6A3-9E856B71F57B}.Release|Any CPU.Build.0 = Release|Any CPU
	EndGlobalSection
	GlobalSection(SolutionProperties) = preSolution
		HideSolutionNode = FALSE
	EndGlobalSection
	GlobalSection(ExtensibilityGlobals) = postSolution
		SolutionGuid = {E83D7D27-00CB-44EC-BEA2-28B8055B3619}
	EndGlobalSection
EndGlobal
